{
  "name": "backend",
  "lockfileVersion": 3,
  "requires": true,
  "packages": {
    "": {
      "dependencies": {
        "groq": "^5.20.0"
      }
    },
    "node_modules/groq": {
      "version": "5.20.0",
      "resolved": "https://registry.npmjs.org/groq/-/groq-5.20.0.tgz",
      "integrity": "sha512-BvrBoRFr4Jmb2HB4kKO3IsP9+u2+D+WH2nA0pGsNVQMN/P1P2PuHbNB/LUuDD9y4+YWYiPRftLl0Hc6D+y8Irw==",
      "license": "MIT",
      "engines": {
        "node": ">=20.19 <22 || >=22.12"
      }
    }
  }
}
